
Microsoft Visual Studio Solution File, Format Version 12.00
# Visual Studio 15
VisualStudioVersion = 15.0.27130.2024
MinimumVisualStudioVersion = 10.0.40219.1
Project("{8BC9CEB8-8B4A-11D0-8D11-00A0C91BC942}") = "Lab2_2", "Lab2_2.vcxproj", "{23955D40-6E32-439A-AE25-1ABBEDF173AA}"
EndProject
Global
	GlobalSection(SolutionConfigurationPlatforms) = preSolution
		Debug|x64 = Debug|x64
		Debug|x86 = Debug|x86
		Release|x64 = Release|x64
		Release|x86 = Release|x86
	EndGlobalSection
	GlobalSection(ProjectConfigurationPlatforms) = postSolution
		{23955D40-6E32-439A-AE25-1ABBEDF173AA}.Debug|x64.ActiveCfg = Debug|x64
		{23955D40-6E32-439A-AE25-1ABBEDF173AA}.Debug|x64.Build.0 = Debug|x64
		{23955D40-6E32-439A-AE25-1ABBEDF173AA}.Debug|x86.ActiveCfg = Debug|Win32
		{23955D40-6E32-439A-AE25-1ABBEDF173AA}.Debug|x86.Build.0 = Debug|Win32
		{23955D40-6E32-439A-AE25-1ABBEDF173AA}.Release|x64.ActiveCfg = Release|x64
		{23955D40-6E32-439A-AE25-1ABBEDF173AA}.Release|x64.Build.0 = Release|x64
		{23955D40-6E32-439A-AE25-1ABBEDF173AA}.Release|x86.ActiveCfg = Release|Win32
		{23955D40-6E32-439A-AE25-1ABBEDF173AA}.Release|x86.Build.0 = Release|Win32
	EndGlobalSection
	GlobalSection(SolutionProperties) = preSolution
		HideSolutionNode = FALSE
	EndGlobalSection
	GlobalSection(ExtensibilityGlobals) = postSolution
		SolutionGuid = {D98B6316-4D4E-40CA-85EC-AE87252BB49E}
	EndGlobalSection
EndGlobal
