
Microsoft Visual Studio Solution File, Format Version 12.00
# Visual Studio 15
VisualStudioVersion = 15.0.27428.1
MinimumVisualStudioVersion = 10.0.40219.1
Project("{8BC9CEB8-8B4A-11D0-8D11-00A0C91BC942}") = "Lab2", "Lab2\Lab2.vcxproj", "{0A74F5FC-A72C-4C48-8623-579BB4481263}"
EndProject
Global
	GlobalSection(SolutionConfigurationPlatforms) = preSolution
		Debug|x64 = Debug|x64
		Debug|x86 = Debug|x86
		Release|x64 = Release|x64
		Release|x86 = Release|x86
	EndGlobalSection
	GlobalSection(ProjectConfigurationPlatforms) = postSolution
		{0A74F5FC-A72C-4C48-8623-579BB4481263}.Debug|x64.ActiveCfg = Debug|x64
		{0A74F5FC-A72C-4C48-8623-579BB4481263}.Debug|x64.Build.0 = Debug|x64
		{0A74F5FC-A72C-4C48-8623-579BB4481263}.Debug|x86.ActiveCfg = Debug|Win32
		{0A74F5FC-A72C-4C48-8623-579BB4481263}.Debug|x86.Build.0 = Debug|Win32
		{0A74F5FC-A72C-4C48-8623-579BB4481263}.Release|x64.ActiveCfg = Release|x64
		{0A74F5FC-A72C-4C48-8623-579BB4481263}.Release|x64.Build.0 = Release|x64
		{0A74F5FC-A72C-4C48-8623-579BB4481263}.Release|x86.ActiveCfg = Release|Win32
		{0A74F5FC-A72C-4C48-8623-579BB4481263}.Release|x86.Build.0 = Release|Win32
	EndGlobalSection
	GlobalSection(SolutionProperties) = preSolution
		HideSolutionNode = FALSE
	EndGlobalSection
	GlobalSection(ExtensibilityGlobals) = postSolution
		SolutionGuid = {16A14D48-003D-4D3F-BD45-D4D890E9616F}
	EndGlobalSection
EndGlobal
