
Microsoft Visual Studio Solution File, Format Version 12.00
# Visual Studio Version 17
VisualStudioVersion = 17.3.32811.315
MinimumVisualStudioVersion = 10.0.40219.1
Project("{8BC9CEB8-8B4A-11D0-8D11-00A0C91BC942}") = "_1_20230301_Experiment_1_2", "_1_20230301_Experiment_1_2.vcxproj", "{1C007089-E7F5-44FB-B556-944D7FF485B9}"
EndProject
Global
	GlobalSection(SolutionConfigurationPlatforms) = preSolution
		Debug|x64 = Debug|x64
		Debug|x86 = Debug|x86
		Release|x64 = Release|x64
		Release|x86 = Release|x86
	EndGlobalSection
	GlobalSection(ProjectConfigurationPlatforms) = postSolution
		{1C007089-E7F5-44FB-B556-944D7FF485B9}.Debug|x64.ActiveCfg = Debug|x64
		{1C007089-E7F5-44FB-B556-944D7FF485B9}.Debug|x64.Build.0 = Debug|x64
		{1C007089-E7F5-44FB-B556-944D7FF485B9}.Debug|x86.ActiveCfg = Debug|Win32
		{1C007089-E7F5-44FB-B556-944D7FF485B9}.Debug|x86.Build.0 = Debug|Win32
		{1C007089-E7F5-44FB-B556-944D7FF485B9}.Release|x64.ActiveCfg = Release|x64
		{1C007089-E7F5-44FB-B556-944D7FF485B9}.Release|x64.Build.0 = Release|x64
		{1C007089-E7F5-44FB-B556-944D7FF485B9}.Release|x86.ActiveCfg = Release|Win32
		{1C007089-E7F5-44FB-B556-944D7FF485B9}.Release|x86.Build.0 = Release|Win32
	EndGlobalSection
	GlobalSection(SolutionProperties) = preSolution
		HideSolutionNode = FALSE
	EndGlobalSection
	GlobalSection(ExtensibilityGlobals) = postSolution
		SolutionGuid = {E8DEAC4D-94D9-4B7C-8539-0129F101CE08}
	EndGlobalSection
EndGlobal
